// !$*UTF8*$!
{
	archiveVersion = 1;
	classes = {
	};
	objectVersion = 46;
	objects = {

/* Begin PBXAggregateTarget section */
		F4476C1A093DDA87008998C4 /* all */ = {
			isa = PBXAggregateTarget;
			buildConfigurationList = F4476C2A093DDACE008998C4 /* Build configuration list for PBXAggregateTarget "all" */;
			buildPhases = (
			);
			dependencies = (
				F4476C1E093DDA96008998C4 /* PBXTargetDependency */,
			);
			name = all;
			productName = all;
		};
/* End PBXAggregateTarget section */

/* Begin PBXBuildFile section */
		F4FF52270929FC2D00DDED7A /* vstxsynth.cpp in Sources */ = {isa = PBXBuildFile; fileRef = F4FF521A0929FBDC00DDED7A /* vstxsynth.cpp */; };
		F4FF52280929FC2E00DDED7A /* vstxsynthproc.cpp in Sources */ = {isa = PBXBuildFile; fileRef = F4FF521C0929FBDC00DDED7A /* vstxsynthproc.cpp */; };
		F4FF52290929FC3000DDED7A /* audioeffect.cpp in Sources */ = {isa = PBXBuildFile; fileRef = F4FF51C50929F9C100DDED7A /* audioeffect.cpp */; };
		F4FF522A0929FC3000DDED7A /* audioeffectx.cpp in Sources */ = {isa = PBXBuildFile; fileRef = F4FF51C70929F9C100DDED7A /* audioeffectx.cpp */; };
		F4FF522B0929FC3100DDED7A /* vstplugmain.cpp in Sources */ = {isa = PBXBuildFile; fileRef = F4FF51C90929F9C100DDED7A /* vstplugmain.cpp */; };
/* End PBXBuildFile section */

/* Begin PBXContainerItemProxy section */
		F4476C1D093DDA96008998C4 /* PBXContainerItemProxy */ = {
			isa = PBXContainerItemProxy;
			containerPortal = 089C1669FE841209C02AAC07 /* Project object */;
			proxyType = 1;
			remoteGlobalIDString = F4FF52210929FBF500DDED7A;
			remoteInfo = vstxsynth;
		};
/* End PBXContainerItemProxy section */

/* Begin PBXFileReference section */
		08EA7FFBFE8413EDC02AAC07 /* Carbon.framework */ = {isa = PBXFileReference; lastKnownFileType = wrapper.framework; name = Carbon.framework; path = /System/Library/Frameworks/Carbon.framework; sourceTree = "<absolute>"; };
		F4476AAC093DD4FB008998C4 /* aeffguieditor.cpp */ = {isa = PBXFileReference; fileEncoding = 30; lastKnownFileType = sourcecode.cpp.cpp; name = aeffguieditor.cpp; path = ../../../../vstgui.sf/vstgui/aeffguieditor.cpp; sourceTree = SOURCE_ROOT; };
		F4476AAD093DD4FB008998C4 /* vstcontrols.cpp */ = {isa = PBXFileReference; fileEncoding = 30; lastKnownFileType = sourcecode.cpp.cpp; name = vstcontrols.cpp; path = ../../../../vstgui.sf/vstgui/vstcontrols.cpp; sourceTree = SOURCE_ROOT; };
		F4476AAE093DD4FB008998C4 /* vstgui.cpp */ = {isa = PBXFileReference; fileEncoding = 30; lastKnownFileType = sourcecode.cpp.cpp; name = vstgui.cpp; path = ../../../../vstgui.sf/vstgui/vstgui.cpp; sourceTree = SOURCE_ROOT; };
		F4476B78093DD675008998C4 /* QuickTime.framework */ = {isa = PBXFileReference; lastKnownFileType = wrapper.framework; name = QuickTime.framework; path = /System/Library/Frameworks/QuickTime.framework; sourceTree = "<absolute>"; };
		F4FF51C40929F9C100DDED7A /* aeffeditor.h */ = {isa = PBXFileReference; fileEncoding = 30; lastKnownFileType = sourcecode.c.h; name = aeffeditor.h; path = ../../../source/vst2.x/aeffeditor.h; sourceTree = SOURCE_ROOT; };
		F4FF51C50929F9C100DDED7A /* audioeffect.cpp */ = {isa = PBXFileReference; fileEncoding = 30; lastKnownFileType = sourcecode.cpp.cpp; name = audioeffect.cpp; path = ../../../source/vst2.x/audioeffect.cpp; sourceTree = SOURCE_ROOT; };
		F4FF51C60929F9C100DDED7A /* audioeffect.h */ = {isa = PBXFileReference; fileEncoding = 30; lastKnownFileType = sourcecode.c.h; name = audioeffect.h; path = ../../../source/vst2.x/audioeffect.h; sourceTree = SOURCE_ROOT; };
		F4FF51C70929F9C100DDED7A /* audioeffectx.cpp */ = {isa = PBXFileReference; fileEncoding = 30; lastKnownFileType = sourcecode.cpp.cpp; name = audioeffectx.cpp; path = ../../../source/vst2.x/audioeffectx.cpp; sourceTree = SOURCE_ROOT; };
		F4FF51C80929F9C100DDED7A /* audioeffectx.h */ = {isa = PBXFileReference; fileEncoding = 30; lastKnownFileType = sourcecode.c.h; name = audioeffectx.h; path = ../../../source/vst2.x/audioeffectx.h; sourceTree = SOURCE_ROOT; };
		F4FF51C90929F9C100DDED7A /* vstplugmain.cpp */ = {isa = PBXFileReference; fileEncoding = 30; lastKnownFileType = sourcecode.cpp.cpp; name = vstplugmain.cpp; path = ../../../source/vst2.x/vstplugmain.cpp; sourceTree = SOURCE_ROOT; };
		F4FF51CE0929F9D900DDED7A /* aeffect.h */ = {isa = PBXFileReference; fileEncoding = 30; lastKnownFileType = sourcecode.c.h; name = aeffect.h; path = ../../../../pluginterfaces/vst2.x/aeffect.h; sourceTree = SOURCE_ROOT; };
		F4FF51CF0929F9D900DDED7A /* aeffectx.h */ = {isa = PBXFileReference; fileEncoding = 30; lastKnownFileType = sourcecode.c.h; name = aeffectx.h; path = ../../../../pluginterfaces/vst2.x/aeffectx.h; sourceTree = SOURCE_ROOT; };
		F4FF51D00929F9D900DDED7A /* vstfxstore.h */ = {isa = PBXFileReference; fileEncoding = 30; lastKnownFileType = sourcecode.c.h; name = vstfxstore.h; path = ../../../../pluginterfaces/vst2.x/vstfxstore.h; sourceTree = SOURCE_ROOT; };
		F4FF51E50929FB0400DDED7A /* vst2.4Info.plist */ = {isa = PBXFileReference; fileEncoding = 30; lastKnownFileType = text.plist.xml; path = vst2.4Info.plist; sourceTree = "<group>"; };
		F4FF52190929FBDC00DDED7A /* gmnames.h */ = {isa = PBXFileReference; fileEncoding = 30; lastKnownFileType = sourcecode.c.h; name = gmnames.h; path = ../vstxsynth/source/gmnames.h; sourceTree = SOURCE_ROOT; };
		F4FF521A0929FBDC00DDED7A /* vstxsynth.cpp */ = {isa = PBXFileReference; fileEncoding = 30; lastKnownFileType = sourcecode.cpp.cpp; name = vstxsynth.cpp; path = ../vstxsynth/source/vstxsynth.cpp; sourceTree = SOURCE_ROOT; };
		F4FF521B0929FBDC00DDED7A /* vstxsynth.h */ = {isa = PBXFileReference; fileEncoding = 30; lastKnownFileType = sourcecode.c.h; name = vstxsynth.h; path = ../vstxsynth/source/vstxsynth.h; sourceTree = SOURCE_ROOT; };
		F4FF521C0929FBDC00DDED7A /* vstxsynthproc.cpp */ = {isa = PBXFileReference; fileEncoding = 30; lastKnownFileType = sourcecode.cpp.cpp; name = vstxsynthproc.cpp; path = ../vstxsynth/source/vstxsynthproc.cpp; sourceTree = SOURCE_ROOT; };
		F4FF52220929FBF500DDED7A /* valourut.vst */ = {isa = PBXFileReference; explicitFileType = wrapper.cfbundle; includeInIndex = 0; path = valourut.vst; sourceTree = BUILT_PRODUCTS_DIR; };
		F4FF52F5092A312800DDED7A /* minihost-Info.plist */ = {isa = PBXFileReference; lastKnownFileType = text.plist.xml; path = "minihost-Info.plist"; sourceTree = "<group>"; };
/* End PBXFileReference section */

/* Begin PBXFrameworksBuildPhase section */
		F4FF52200929FBF500DDED7A /* Frameworks */ = {
			isa = PBXFrameworksBuildPhase;
			buildActionMask = 2147483647;
			files = (
			);
			runOnlyForDeploymentPostprocessing = 0;
		};
/* End PBXFrameworksBuildPhase section */

/* Begin PBXGroup section */
		089C166AFE841209C02AAC07 /* vst 2.4 examples */ = {
			isa = PBXGroup;
			children = (
				08FB77ADFE841716C02AAC07 /* Source */,
				089C167CFE841241C02AAC07 /* Resources */,
				089C1671FE841209C02AAC07 /* External Frameworks and Libraries */,
				19C28FB4FE9D528D11CA2CBB /* Products */,
				F4FF52F5092A312800DDED7A /* minihost-Info.plist */,
			);
			name = "vst 2.4 examples";
			sourceTree = "<group>";
		};
		089C1671FE841209C02AAC07 /* External Frameworks and Libraries */ = {
			isa = PBXGroup;
			children = (
				F4476B78093DD675008998C4 /* QuickTime.framework */,
				08EA7FFBFE8413EDC02AAC07 /* Carbon.framework */,
			);
			name = "External Frameworks and Libraries";
			sourceTree = "<group>";
		};
		089C167CFE841241C02AAC07 /* Resources */ = {
			isa = PBXGroup;
			children = (
				F4FF51E50929FB0400DDED7A /* vst2.4Info.plist */,
			);
			name = Resources;
			sourceTree = "<group>";
		};
		08FB77ADFE841716C02AAC07 /* Source */ = {
			isa = PBXGroup;
			children = (
				F4FF51CD0929F9C400DDED7A /* vst sdk 2.4 */,
				F4476AA3093DCFB0008998C4 /* vstgui */,
				F4FF521D0929FBDF00DDED7A /* valourut */,
			);
			name = Source;
			sourceTree = "<group>";
		};
		19C28FB4FE9D528D11CA2CBB /* Products */ = {
			isa = PBXGroup;
			children = (
				F4FF52220929FBF500DDED7A /* valourut.vst */,
			);
			name = Products;
			sourceTree = "<group>";
		};
		F4476AA3093DCFB0008998C4 /* vstgui */ = {
			isa = PBXGroup;
			children = (
				F4476AAC093DD4FB008998C4 /* aeffguieditor.cpp */,
				F4476AAD093DD4FB008998C4 /* vstcontrols.cpp */,
				F4476AAE093DD4FB008998C4 /* vstgui.cpp */,
			);
			name = vstgui;
			sourceTree = "<group>";
		};
		F4FF51CD0929F9C400DDED7A /* vst sdk 2.4 */ = {
			isa = PBXGroup;
			children = (
				F4FF51CE0929F9D900DDED7A /* aeffect.h */,
				F4FF51CF0929F9D900DDED7A /* aeffectx.h */,
				F4FF51C40929F9C100DDED7A /* aeffeditor.h */,
				F4FF51C50929F9C100DDED7A /* audioeffect.cpp */,
				F4FF51C60929F9C100DDED7A /* audioeffect.h */,
				F4FF51C70929F9C100DDED7A /* audioeffectx.cpp */,
				F4FF51C80929F9C100DDED7A /* audioeffectx.h */,
				F4FF51D00929F9D900DDED7A /* vstfxstore.h */,
				F4FF51C90929F9C100DDED7A /* vstplugmain.cpp */,
			);
			name = "vst sdk 2.4";
			sourceTree = "<group>";
		};
		F4FF521D0929FBDF00DDED7A /* valourut */ = {
			isa = PBXGroup;
			children = (
				F4FF52190929FBDC00DDED7A /* gmnames.h */,
				F4FF521A0929FBDC00DDED7A /* vstxsynth.cpp */,
				F4FF521B0929FBDC00DDED7A /* vstxsynth.h */,
				F4FF521C0929FBDC00DDED7A /* vstxsynthproc.cpp */,
			);
			name = valourut;
			sourceTree = "<group>";
		};
/* End PBXGroup section */

/* Begin PBXNativeTarget section */
		F4FF52210929FBF500DDED7A /* valourut */ = {
			isa = PBXNativeTarget;
			buildConfigurationList = F4FF52240929FBF500DDED7A /* Build configuration list for PBXNativeTarget "valourut" */;
			buildPhases = (
				F4FF521E0929FBF500DDED7A /* Resources */,
				F4FF521F0929FBF500DDED7A /* Sources */,
				F4FF52200929FBF500DDED7A /* Frameworks */,
			);
			buildRules = (
			);
			dependencies = (
			);
			name = valourut;
			productName = vstxsynth;
			productReference = F4FF52220929FBF500DDED7A /* valourut.vst */;
			productType = "com.apple.product-type.bundle";
		};
/* End PBXNativeTarget section */

/* Begin PBXProject section */
		089C1669FE841209C02AAC07 /* Project object */ = {
			isa = PBXProject;
			buildConfigurationList = 4FADC23708B4156C00ABE55E /* Build configuration list for PBXProject "valourut" */;
			compatibilityVersion = "Xcode 3.2";
			developmentRegion = English;
			hasScannedForEncodings = 1;
			knownRegions = (
				English,
				Japanese,
				French,
				German,
			);
			mainGroup = 089C166AFE841209C02AAC07 /* vst 2.4 examples */;
			projectDirPath = "";
			projectRoot = "";
			targets = (
				F4476C1A093DDA87008998C4 /* all */,
				F4FF52210929FBF500DDED7A /* valourut */,
			);
		};
/* End PBXProject section */

/* Begin PBXResourcesBuildPhase section */
		F4FF521E0929FBF500DDED7A /* Resources */ = {
			isa = PBXResourcesBuildPhase;
			buildActionMask = 2147483647;
			files = (
			);
			runOnlyForDeploymentPostprocessing = 0;
		};
/* End PBXResourcesBuildPhase section */

/* Begin PBXSourcesBuildPhase section */
		F4FF521F0929FBF500DDED7A /* Sources */ = {
			isa = PBXSourcesBuildPhase;
			buildActionMask = 2147483647;
			files = (
				F4FF52270929FC2D00DDED7A /* vstxsynth.cpp in Sources */,
				F4FF52280929FC2E00DDED7A /* vstxsynthproc.cpp in Sources */,
				F4FF52290929FC3000DDED7A /* audioeffect.cpp in Sources */,
				F4FF522A0929FC3000DDED7A /* audioeffectx.cpp in Sources */,
				F4FF522B0929FC3100DDED7A /* vstplugmain.cpp in Sources */,
			);
			runOnlyForDeploymentPostprocessing = 0;
		};
/* End PBXSourcesBuildPhase section */

/* Begin PBXTargetDependency section */
		F4476C1E093DDA96008998C4 /* PBXTargetDependency */ = {
			isa = PBXTargetDependency;
			target = F4FF52210929FBF500DDED7A /* valourut */;
			targetProxy = F4476C1D093DDA96008998C4 /* PBXContainerItemProxy */;
		};
/* End PBXTargetDependency section */

/* Begin XCBuildConfiguration section */
		4FADC23808B4156C00ABE55E /* Debug */ = {
			isa = XCBuildConfiguration;
			buildSettings = {
				GCC_ALTIVEC_EXTENSIONS = YES;
				GCC_OPTIMIZATION_LEVEL = 0;
				GCC_WARN_ABOUT_RETURN_TYPE = YES;
				GCC_WARN_UNUSED_VARIABLE = YES;
				GENERATE_PKGINFO_FILE = YES;
				HEADER_SEARCH_PATHS = (
					"$(HEADER_SEARCH_PATHS)",
					"$(SRCROOT)/../../../../",
				);
				INFOPLIST_FILE = vst2.4Info.plist;
				INFOPLIST_PREPROCESS = YES;
				PREBINDING = NO;
				SDKROOT = "";
				WRAPPER_EXTENSION = vst;
			};
			name = Debug;
		};
		4FADC23908B4156C00ABE55E /* Release */ = {
			isa = XCBuildConfiguration;
			buildSettings = {
				DEPLOYMENT_POSTPROCESSING = YES;
				GCC_ALTIVEC_EXTENSIONS = YES;
				GCC_AUTO_VECTORIZATION = YES;
				GCC_ENABLE_SSE3_EXTENSIONS = YES;
				GCC_GENERATE_DEBUGGING_SYMBOLS = NO;
				GCC_INLINES_ARE_PRIVATE_EXTERN = YES;
				GCC_MODEL_TUNING = G5;
				GCC_SYMBOLS_PRIVATE_EXTERN = YES;
				GCC_UNROLL_LOOPS = YES;
				GCC_WARN_ABOUT_RETURN_TYPE = YES;
				GCC_WARN_UNUSED_VARIABLE = YES;
				GENERATE_PKGINFO_FILE = YES;
				HEADER_SEARCH_PATHS = (
					"$(HEADER_SEARCH_PATHS)",
					"$(SRCROOT)/../../../../",
				);
				INFOPLIST_FILE = vst2.4Info.plist;
				INFOPLIST_PREPROCESS = YES;
				PREBINDING = NO;
				SDKROOT = /Developer/SDKs/MacOSX10.6.sdk;
				WRAPPER_EXTENSION = vst;
			};
			name = Release;
		};
		F4476C2B093DDACE008998C4 /* Debug */ = {
			isa = XCBuildConfiguration;
			buildSettings = {
				COPY_PHASE_STRIP = NO;
				GCC_DYNAMIC_NO_PIC = NO;
				GCC_GENERATE_DEBUGGING_SYMBOLS = YES;
				GCC_OPTIMIZATION_LEVEL = 0;
				PRODUCT_NAME = all;
			};
			name = Debug;
		};
		F4476C2C093DDACE008998C4 /* Release */ = {
			isa = XCBuildConfiguration;
			buildSettings = {
				COPY_PHASE_STRIP = YES;
				GCC_ENABLE_FIX_AND_CONTINUE = NO;
				GCC_GENERATE_DEBUGGING_SYMBOLS = NO;
				PRODUCT_NAME = all;
				ZERO_LINK = NO;
			};
			name = Release;
		};
		F4FF52250929FBF500DDED7A /* Debug */ = {
			isa = XCBuildConfiguration;
			buildSettings = {
				PRODUCT_NAME = valourut;
			};
			name = Debug;
		};
		F4FF52260929FBF500DDED7A /* Release */ = {
			isa = XCBuildConfiguration;
			buildSettings = {
				ARCHS = (
					ppc,
					i386,
				);
				PRODUCT_NAME = vstxsynth;
			};
			name = Release;
		};
/* End XCBuildConfiguration section */

/* Begin XCConfigurationList section */
		4FADC23708B4156C00ABE55E /* Build configuration list for PBXProject "valourut" */ = {
			isa = XCConfigurationList;
			buildConfigurations = (
				4FADC23808B4156C00ABE55E /* Debug */,
				4FADC23908B4156C00ABE55E /* Release */,
			);
			defaultConfigurationIsVisible = 0;
			defaultConfigurationName = Release;
		};
		F4476C2A093DDACE008998C4 /* Build configuration list for PBXAggregateTarget "all" */ = {
			isa = XCConfigurationList;
			buildConfigurations = (
				F4476C2B093DDACE008998C4 /* Debug */,
				F4476C2C093DDACE008998C4 /* Release */,
			);
			defaultConfigurationIsVisible = 0;
			defaultConfigurationName = Release;
		};
		F4FF52240929FBF500DDED7A /* Build configuration list for PBXNativeTarget "valourut" */ = {
			isa = XCConfigurationList;
			buildConfigurations = (
				F4FF52250929FBF500DDED7A /* Debug */,
				F4FF52260929FBF500DDED7A /* Release */,
			);
			defaultConfigurationIsVisible = 0;
			defaultConfigurationName = Release;
		};
/* End XCConfigurationList section */
	};
	rootObject = 089C1669FE841209C02AAC07 /* Project object */;
}
